
Microsoft Visual Studio Solution File, Format Version 12.00
# Visual Studio 15
VisualStudioVersion = 15.0.28010.2048
MinimumVisualStudioVersion = 10.0.40219.1
Project("{FAE04EC0-301F-11D3-BF4B-00C04F79EFBC}") = "DateAdd.Tests", "DateAdd.Tests\DateAdd.Tests.csproj", "{89FAF2CE-F87E-415C-915A-CEACFEE2C1A7}"
EndProject
Project("{FAE04EC0-301F-11D3-BF4B-00C04F79EFBC}") = "DateAdd", "DateAdd\DateAdd.csproj", "{4BAD218A-1562-4C3F-ADE8-09E63F1FEB30}"
EndProject
Project("{FAE04EC0-301F-11D3-BF4B-00C04F79EFBC}") = "DateOperations", "DateOperations\DateOperations.csproj", "{04CC756D-0F09-4377-94CA-76E1F764C6A4}"
EndProject
Project("{FAE04EC0-301F-11D3-BF4B-00C04F79EFBC}") = "DateOperations.Tests", "DateOperations.Tests\DateOperations.Tests.csproj", "{DBA41235-F956-445D-A2B8-31E278805B01}"
EndProject
Global
	GlobalSection(SolutionConfigurationPlatforms) = preSolution
		Debug|Any CPU = Debug|Any CPU
		Release|Any CPU = Release|Any CPU
	EndGlobalSection
	GlobalSection(ProjectConfigurationPlatforms) = postSolution
		{89FAF2CE-F87E-415C-915A-CEACFEE2C1A7}.Debug|Any CPU.ActiveCfg = Debug|Any CPU
		{89FAF2CE-F87E-415C-915A-CEACFEE2C1A7}.Debug|Any CPU.Build.0 = Debug|Any CPU
		{89FAF2CE-F87E-415C-915A-CEACFEE2C1A7}.Release|Any CPU.ActiveCfg = Release|Any CPU
		{89FAF2CE-F87E-415C-915A-CEACFEE2C1A7}.Release|Any CPU.Build.0 = Release|Any CPU
		{4BAD218A-1562-4C3F-ADE8-09E63F1FEB30}.Debug|Any CPU.ActiveCfg = Debug|Any CPU
		{4BAD218A-1562-4C3F-ADE8-09E63F1FEB30}.Debug|Any CPU.Build.0 = Debug|Any CPU
		{4BAD218A-1562-4C3F-ADE8-09E63F1FEB30}.Release|Any CPU.ActiveCfg = Release|Any CPU
		{4BAD218A-1562-4C3F-ADE8-09E63F1FEB30}.Release|Any CPU.Build.0 = Release|Any CPU
		{04CC756D-0F09-4377-94CA-76E1F764C6A4}.Debug|Any CPU.ActiveCfg = Debug|Any CPU
		{04CC756D-0F09-4377-94CA-76E1F764C6A4}.Debug|Any CPU.Build.0 = Debug|Any CPU
		{04CC756D-0F09-4377-94CA-76E1F764C6A4}.Release|Any CPU.ActiveCfg = Release|Any CPU
		{04CC756D-0F09-4377-94CA-76E1F764C6A4}.Release|Any CPU.Build.0 = Release|Any CPU
		{DBA41235-F956-445D-A2B8-31E278805B01}.Debug|Any CPU.ActiveCfg = Debug|Any CPU
		{DBA41235-F956-445D-A2B8-31E278805B01}.Debug|Any CPU.Build.0 = Debug|Any CPU
		{DBA41235-F956-445D-A2B8-31E278805B01}.Release|Any CPU.ActiveCfg = Release|Any CPU
		{DBA41235-F956-445D-A2B8-31E278805B01}.Release|Any CPU.Build.0 = Release|Any CPU
	EndGlobalSection
	GlobalSection(SolutionProperties) = preSolution
		HideSolutionNode = FALSE
	EndGlobalSection
	GlobalSection(ExtensibilityGlobals) = postSolution
		SolutionGuid = {D3FE71AE-9A2F-4EF2-8541-2D64053EEC51}
	EndGlobalSection
EndGlobal
